
Microsoft Visual Studio Solution File, Format Version 12.00
# Visual Studio 14
VisualStudioVersion = 14.0.25420.1
MinimumVisualStudioVersion = 10.0.40219.1
Project("{FAE04EC0-301F-11D3-BF4B-00C04F79EFBC}") = "MetaMorph_ex", "MetaMorph_ex\MetaMorph_ex.csproj", "{262D0AAC-2591-4BC3-9B5D-E56E5798C24D}"
EndProject
Global
	GlobalSection(SolutionConfigurationPlatforms) = preSolution
		Debug|Any CPU = Debug|Any CPU
		Release|Any CPU = Release|Any CPU
	EndGlobalSection
	GlobalSection(ProjectConfigurationPlatforms) = postSolution
		{262D0AAC-2591-4BC3-9B5D-E56E5798C24D}.Debug|Any CPU.ActiveCfg = Debug|Any CPU
		{262D0AAC-2591-4BC3-9B5D-E56E5798C24D}.Debug|Any CPU.Build.0 = Debug|Any CPU
		{262D0AAC-2591-4BC3-9B5D-E56E5798C24D}.Release|Any CPU.ActiveCfg = Release|Any CPU
		{262D0AAC-2591-4BC3-9B5D-E56E5798C24D}.Release|Any CPU.Build.0 = Release|Any CPU
	EndGlobalSection
	GlobalSection(SolutionProperties) = preSolution
		HideSolutionNode = FALSE
	EndGlobalSection
EndGlobal
